
Microsoft Visual Studio Solution File, Format Version 12.00
# Visual Studio Version 17
VisualStudioVersion = 17.7.34024.191
MinimumVisualStudioVersion = 10.0.40219.1
Project("{FAE04EC0-301F-11D3-BF4B-00C04F79EFBC}") = "PyaterochkaSimpleSystem", "PyaterochkaSimpleSystem\PyaterochkaSimpleSystem.csproj", "{269F3464-1FA5-4CC9-9981-DFC7737AA73D}"
EndProject
Global
	GlobalSection(SolutionConfigurationPlatforms) = preSolution
		Debug|Any CPU = Debug|Any CPU
		Release|Any CPU = Release|Any CPU
	EndGlobalSection
	GlobalSection(ProjectConfigurationPlatforms) = postSolution
		{269F3464-1FA5-4CC9-9981-DFC7737AA73D}.Debug|Any CPU.ActiveCfg = Debug|Any CPU
		{269F3464-1FA5-4CC9-9981-DFC7737AA73D}.Debug|Any CPU.Build.0 = Debug|Any CPU
		{269F3464-1FA5-4CC9-9981-DFC7737AA73D}.Release|Any CPU.ActiveCfg = Release|Any CPU
		{269F3464-1FA5-4CC9-9981-DFC7737AA73D}.Release|Any CPU.Build.0 = Release|Any CPU
	EndGlobalSection
	GlobalSection(SolutionProperties) = preSolution
		HideSolutionNode = FALSE
	EndGlobalSection
	GlobalSection(ExtensibilityGlobals) = postSolution
		SolutionGuid = {216B0511-3ECA-494B-AB47-4E6642227AFB}
	EndGlobalSection
EndGlobal
